
Microsoft Visual Studio Solution File, Format Version 12.00
# Visual Studio 15
VisualStudioVersion = 15.0.28307.168
MinimumVisualStudioVersion = 10.0.40219.1
Project("{FAE04EC0-301F-11D3-BF4B-00C04F79EFBC}") = "WebApplication1", "WebApplication1\WebApplication1.csproj", "{55E6A806-A5DF-4680-8277-D7537EF794A7}"
EndProject
Global
	GlobalSection(SolutionConfigurationPlatforms) = preSolution
		Debug|Any CPU = Debug|Any CPU
		Release|Any CPU = Release|Any CPU
	EndGlobalSection
	GlobalSection(ProjectConfigurationPlatforms) = postSolution
		{55E6A806-A5DF-4680-8277-D7537EF794A7}.Debug|Any CPU.ActiveCfg = Debug|Any CPU
		{55E6A806-A5DF-4680-8277-D7537EF794A7}.Debug|Any CPU.Build.0 = Debug|Any CPU
		{55E6A806-A5DF-4680-8277-D7537EF794A7}.Release|Any CPU.ActiveCfg = Release|Any CPU
		{55E6A806-A5DF-4680-8277-D7537EF794A7}.Release|Any CPU.Build.0 = Release|Any CPU
	EndGlobalSection
	GlobalSection(SolutionProperties) = preSolution
		HideSolutionNode = FALSE
	EndGlobalSection
	GlobalSection(ExtensibilityGlobals) = postSolution
		SolutionGuid = {8A366714-1251-44B7-A01C-8ABD0C74397C}
	EndGlobalSection
EndGlobal
